
Microsoft Visual Studio Solution File, Format Version 12.00
# Visual Studio Version 17
VisualStudioVersion = 17.6.33801.468
MinimumVisualStudioVersion = 10.0.40219.1
Project("{FAE04EC0-301F-11D3-BF4B-00C04F79EFBC}") = "SeTestsVS", "SeTestsVS\SeTestsVS.csproj", "{223D9371-ECC1-4417-B004-EBCA61560822}"
EndProject
Global
	GlobalSection(SolutionConfigurationPlatforms) = preSolution
		Debug|Any CPU = Debug|Any CPU
		Release|Any CPU = Release|Any CPU
	EndGlobalSection
	GlobalSection(ProjectConfigurationPlatforms) = postSolution
		{223D9371-ECC1-4417-B004-EBCA61560822}.Debug|Any CPU.ActiveCfg = Debug|Any CPU
		{223D9371-ECC1-4417-B004-EBCA61560822}.Debug|Any CPU.Build.0 = Debug|Any CPU
		{223D9371-ECC1-4417-B004-EBCA61560822}.Release|Any CPU.ActiveCfg = Release|Any CPU
		{223D9371-ECC1-4417-B004-EBCA61560822}.Release|Any CPU.Build.0 = Release|Any CPU
	EndGlobalSection
	GlobalSection(SolutionProperties) = preSolution
		HideSolutionNode = FALSE
	EndGlobalSection
	GlobalSection(ExtensibilityGlobals) = postSolution
		SolutionGuid = {ED82E862-323A-46CF-A8FC-7985485F0240}
	EndGlobalSection
EndGlobal
