
Microsoft Visual Studio Solution File, Format Version 12.00
# Visual Studio Version 17
VisualStudioVersion = 17.6.33801.468
MinimumVisualStudioVersion = 10.0.40219.1
Project("{9A19103F-16F7-4668-BE54-9A1E7A4F7556}") = "WebTestGui", "WebTestGui\WebTestGui.csproj", "{E52ED53C-7624-49A9-9E4D-56F95A644C23}"
EndProject
Project("{9A19103F-16F7-4668-BE54-9A1E7A4F7556}") = "Scheduler", "Scheduler\Scheduler.csproj", "{8D7311F9-CF21-4CBB-8554-616632DB7AA4}"
EndProject
Global
	GlobalSection(SolutionConfigurationPlatforms) = preSolution
		Debug|Any CPU = Debug|Any CPU
		Release|Any CPU = Release|Any CPU
	EndGlobalSection
	GlobalSection(ProjectConfigurationPlatforms) = postSolution
		{E52ED53C-7624-49A9-9E4D-56F95A644C23}.Debug|Any CPU.ActiveCfg = Debug|Any CPU
		{E52ED53C-7624-49A9-9E4D-56F95A644C23}.Debug|Any CPU.Build.0 = Debug|Any CPU
		{E52ED53C-7624-49A9-9E4D-56F95A644C23}.Release|Any CPU.ActiveCfg = Release|Any CPU
		{E52ED53C-7624-49A9-9E4D-56F95A644C23}.Release|Any CPU.Build.0 = Release|Any CPU
		{8D7311F9-CF21-4CBB-8554-616632DB7AA4}.Debug|Any CPU.ActiveCfg = Debug|Any CPU
		{8D7311F9-CF21-4CBB-8554-616632DB7AA4}.Debug|Any CPU.Build.0 = Debug|Any CPU
		{8D7311F9-CF21-4CBB-8554-616632DB7AA4}.Release|Any CPU.ActiveCfg = Release|Any CPU
		{8D7311F9-CF21-4CBB-8554-616632DB7AA4}.Release|Any CPU.Build.0 = Release|Any CPU
	EndGlobalSection
	GlobalSection(SolutionProperties) = preSolution
		HideSolutionNode = FALSE
	EndGlobalSection
	GlobalSection(ExtensibilityGlobals) = postSolution
		SolutionGuid = {060810FA-3200-488C-8490-3C1E0E064C9C}
	EndGlobalSection
EndGlobal
