
Microsoft Visual Studio Solution File, Format Version 12.00
# Visual Studio Version 17
VisualStudioVersion = 17.5.33530.505
MinimumVisualStudioVersion = 10.0.40219.1
Project("{8BC9CEB8-8B4A-11D0-8D11-00A0C91BC942}") = "Installer", "Installer.vcxproj", "{8573B1DC-A478-476F-96BD-F96ADE71BCA3}"
EndProject
Project("{54435603-DBB4-11D2-8724-00A0C9A8B90C}") = "installerSetup", "..\installerSetup\installerSetup.vdproj", "{89920C4A-4F19-4749-8EE8-2E7FBE084814}"
EndProject
Global
	GlobalSection(SolutionConfigurationPlatforms) = preSolution
		Debug|x64 = Debug|x64
		Debug|x86 = Debug|x86
		Release|x64 = Release|x64
		Release|x86 = Release|x86
	EndGlobalSection
	GlobalSection(ProjectConfigurationPlatforms) = postSolution
		{8573B1DC-A478-476F-96BD-F96ADE71BCA3}.Debug|x64.ActiveCfg = Debug|x64
		{8573B1DC-A478-476F-96BD-F96ADE71BCA3}.Debug|x64.Build.0 = Debug|x64
		{8573B1DC-A478-476F-96BD-F96ADE71BCA3}.Debug|x86.ActiveCfg = Debug|Win32
		{8573B1DC-A478-476F-96BD-F96ADE71BCA3}.Debug|x86.Build.0 = Debug|Win32
		{8573B1DC-A478-476F-96BD-F96ADE71BCA3}.Release|x64.ActiveCfg = Release|x64
		{8573B1DC-A478-476F-96BD-F96ADE71BCA3}.Release|x64.Build.0 = Release|x64
		{8573B1DC-A478-476F-96BD-F96ADE71BCA3}.Release|x86.ActiveCfg = Release|Win32
		{8573B1DC-A478-476F-96BD-F96ADE71BCA3}.Release|x86.Build.0 = Release|Win32
		{89920C4A-4F19-4749-8EE8-2E7FBE084814}.Debug|x64.ActiveCfg = Debug
		{89920C4A-4F19-4749-8EE8-2E7FBE084814}.Debug|x86.ActiveCfg = Debug
		{89920C4A-4F19-4749-8EE8-2E7FBE084814}.Release|x64.ActiveCfg = Release
		{89920C4A-4F19-4749-8EE8-2E7FBE084814}.Release|x64.Build.0 = Release
		{89920C4A-4F19-4749-8EE8-2E7FBE084814}.Release|x86.ActiveCfg = Release
	EndGlobalSection
	GlobalSection(SolutionProperties) = preSolution
		HideSolutionNode = FALSE
	EndGlobalSection
	GlobalSection(ExtensibilityGlobals) = postSolution
		SolutionGuid = {62296C97-B8B9-43DA-9A51-6F811F592348}
	EndGlobalSection
EndGlobal
